
Microsoft Visual Studio Solution File, Format Version 12.00
# Visual Studio 2013
VisualStudioVersion = 12.0.31101.0
MinimumVisualStudioVersion = 10.0.40219.1
Project("{FAE04EC0-301F-11D3-BF4B-00C04F79EFBC}") = "AddClassTemplate", "AddClassTemplate\AddClassTemplate.csproj", "{4179F7F1-1A6A-4763-8F87-A2CCCF7EF568}"
EndProject
Project("{FAE04EC0-301F-11D3-BF4B-00C04F79EFBC}") = "AddClassTemplate_IntegrationTests", "AddClassTemplate\AddClassTemplate_IntegrationTests\AddClassTemplate_IntegrationTests.csproj", "{B0CAB16E-41D1-4B4A-9CB7-BDC630D2F8E2}"
EndProject
Project("{2150E333-8FDC-42A3-9474-1A3956D46DE8}") = "Solution Items", "Solution Items", "{F8ADB79D-B8AB-43F8-89C0-92604C2303D7}"
	ProjectSection(SolutionItems) = preProject
		IntegrationTests.testsettings = IntegrationTests.testsettings
		UnitTests.testsettings = UnitTests.testsettings
	EndProjectSection
EndProject
Project("{FAE04EC0-301F-11D3-BF4B-00C04F79EFBC}") = "AddClassTemplate_UnitTests", "AddClassTemplate\AddClassTemplate_UnitTests\AddClassTemplate_UnitTests.csproj", "{80051A38-9585-4019-A48E-523223E0E694}"
EndProject
Global
	GlobalSection(SolutionConfigurationPlatforms) = preSolution
		Debug|Any CPU = Debug|Any CPU
		Release|Any CPU = Release|Any CPU
	EndGlobalSection
	GlobalSection(ProjectConfigurationPlatforms) = postSolution
		{4179F7F1-1A6A-4763-8F87-A2CCCF7EF568}.Debug|Any CPU.ActiveCfg = Debug|Any CPU
		{4179F7F1-1A6A-4763-8F87-A2CCCF7EF568}.Debug|Any CPU.Build.0 = Debug|Any CPU
		{4179F7F1-1A6A-4763-8F87-A2CCCF7EF568}.Release|Any CPU.ActiveCfg = Release|Any CPU
		{4179F7F1-1A6A-4763-8F87-A2CCCF7EF568}.Release|Any CPU.Build.0 = Release|Any CPU
		{B0CAB16E-41D1-4B4A-9CB7-BDC630D2F8E2}.Debug|Any CPU.ActiveCfg = Debug|Any CPU
		{B0CAB16E-41D1-4B4A-9CB7-BDC630D2F8E2}.Debug|Any CPU.Build.0 = Debug|Any CPU
		{B0CAB16E-41D1-4B4A-9CB7-BDC630D2F8E2}.Release|Any CPU.ActiveCfg = Release|Any CPU
		{B0CAB16E-41D1-4B4A-9CB7-BDC630D2F8E2}.Release|Any CPU.Build.0 = Release|Any CPU
		{80051A38-9585-4019-A48E-523223E0E694}.Debug|Any CPU.ActiveCfg = Debug|Any CPU
		{80051A38-9585-4019-A48E-523223E0E694}.Debug|Any CPU.Build.0 = Debug|Any CPU
		{80051A38-9585-4019-A48E-523223E0E694}.Release|Any CPU.ActiveCfg = Release|Any CPU
		{80051A38-9585-4019-A48E-523223E0E694}.Release|Any CPU.Build.0 = Release|Any CPU
	EndGlobalSection
	GlobalSection(SolutionProperties) = preSolution
		HideSolutionNode = FALSE
	EndGlobalSection
EndGlobal
